
Microsoft Visual Studio Solution File, Format Version 12.00
# Visual Studio Version 17
VisualStudioVersion = 17.0.32014.148
MinimumVisualStudioVersion = 10.0.40219.1
Project("{F184B08F-C81C-45F6-A57F-5ABD9991F28F}") = "PkpNumberValidator", "PkpNumberValidator.vbproj", "{6EBA9FBB-B6DC-415A-95B4-AA0023A41A33}"
EndProject
Global
	GlobalSection(SolutionConfigurationPlatforms) = preSolution
		Debug|Any CPU = Debug|Any CPU
		Release|Any CPU = Release|Any CPU
	EndGlobalSection
	GlobalSection(ProjectConfigurationPlatforms) = postSolution
		{6EBA9FBB-B6DC-415A-95B4-AA0023A41A33}.Debug|Any CPU.ActiveCfg = Debug|Any CPU
		{6EBA9FBB-B6DC-415A-95B4-AA0023A41A33}.Debug|Any CPU.Build.0 = Debug|Any CPU
		{6EBA9FBB-B6DC-415A-95B4-AA0023A41A33}.Release|Any CPU.ActiveCfg = Release|Any CPU
		{6EBA9FBB-B6DC-415A-95B4-AA0023A41A33}.Release|Any CPU.Build.0 = Release|Any CPU
	EndGlobalSection
	GlobalSection(SolutionProperties) = preSolution
		HideSolutionNode = FALSE
	EndGlobalSection
	GlobalSection(ExtensibilityGlobals) = postSolution
		SolutionGuid = {BBB8EFEA-7D1D-4419-9777-1839D1BC5E9C}
	EndGlobalSection
EndGlobal
